
Microsoft Visual Studio Solution File, Format Version 12.00
# Visual Studio Version 17
VisualStudioVersion = 17.11.35327.3
MinimumVisualStudioVersion = 10.0.40219.1
Project("{FAE04EC0-301F-11D3-BF4B-00C04F79EFBC}") = "collections", "collections\collections.csproj", "{D7FA3A7F-AF04-4678-AA51-8664A1B4E211}"
EndProject
Global
	GlobalSection(SolutionConfigurationPlatforms) = preSolution
		Debug|Any CPU = Debug|Any CPU
		Release|Any CPU = Release|Any CPU
	EndGlobalSection
	GlobalSection(ProjectConfigurationPlatforms) = postSolution
		{D7FA3A7F-AF04-4678-AA51-8664A1B4E211}.Debug|Any CPU.ActiveCfg = Debug|Any CPU
		{D7FA3A7F-AF04-4678-AA51-8664A1B4E211}.Debug|Any CPU.Build.0 = Debug|Any CPU
		{D7FA3A7F-AF04-4678-AA51-8664A1B4E211}.Release|Any CPU.ActiveCfg = Release|Any CPU
		{D7FA3A7F-AF04-4678-AA51-8664A1B4E211}.Release|Any CPU.Build.0 = Release|Any CPU
	EndGlobalSection
	GlobalSection(SolutionProperties) = preSolution
		HideSolutionNode = FALSE
	EndGlobalSection
	GlobalSection(ExtensibilityGlobals) = postSolution
		SolutionGuid = {0148A876-2110-46B7-9E0B-D8984DC36FD2}
	EndGlobalSection
EndGlobal
